// !$*UTF8*$!
{
	archiveVersion = 1;
	classes = {
	};
	objectVersion = 46;
	objects = {

/* Begin PBXBuildFile section */
		A907275B16667219001AF449 /* Icon.png in Resources */ = {isa = PBXBuildFile; fileRef = A907275A16667219001AF449 /* Icon.png */; };
		A907275D16667227001AF449 /* Icon@2x.png in Resources */ = {isa = PBXBuildFile; fileRef = A907275C16667227001AF449 /* Icon@2x.png */; };
		A92DDF811663B911007D056A /* UIKit.framework in Frameworks */ = {isa = PBXBuildFile; fileRef = A92DDF801663B911007D056A /* UIKit.framework */; };
		A92DDF831663B911007D056A /* Foundation.framework in Frameworks */ = {isa = PBXBuildFile; fileRef = A92DDF821663B911007D056A /* Foundation.framework */; };
		A92DDF851663B911007D056A /* CoreGraphics.framework in Frameworks */ = {isa = PBXBuildFile; fileRef = A92DDF841663B911007D056A /* CoreGraphics.framework */; };
		A92DDF8B1663B911007D056A /* InfoPlist.strings in Resources */ = {isa = PBXBuildFile; fileRef = A92DDF891663B911007D056A /* InfoPlist.strings */; };
		A92DDF8D1663B911007D056A /* main.m in Sources */ = {isa = PBXBuildFile; fileRef = A92DDF8C1663B911007D056A /* main.m */; };
		A92DDF911663B911007D056A /* G2AppDelegate.m in Sources */ = {isa = PBXBuildFile; fileRef = A92DDF901663B911007D056A /* G2AppDelegate.m */; };
		A92DDF931663B911007D056A /* Default.png in Resources */ = {isa = PBXBuildFile; fileRef = A92DDF921663B911007D056A /* Default.png */; };
		A92DDF951663B911007D056A /* Default@2x.png in Resources */ = {isa = PBXBuildFile; fileRef = A92DDF941663B911007D056A /* Default@2x.png */; };
		A92DDF971663B911007D056A /* Default-568h@2x.png in Resources */ = {isa = PBXBuildFile; fileRef = A92DDF961663B911007D056A /* Default-568h@2x.png */; };
		A92DDF9A1663B911007D056A /* G2ViewController.m in Sources */ = {isa = PBXBuildFile; fileRef = A92DDF991663B911007D056A /* G2ViewController.m */; };
		A92DDF9D1663B911007D056A /* G2ViewController.xib in Resources */ = {isa = PBXBuildFile; fileRef = A92DDF9B1663B911007D056A /* G2ViewController.xib */; };
		A92DDFA81663BCE3007D056A /* CoreLocation.framework in Frameworks */ = {isa = PBXBuildFile; fileRef = A92DDFA71663BCE3007D056A /* CoreLocation.framework */; };
		A92DDFAA1663BD76007D056A /* MapKit.framework in Frameworks */ = {isa = PBXBuildFile; fileRef = A92DDFA91663BD76007D056A /* MapKit.framework */; };
		A92DDFAD1663C832007D056A /* G2MapPoint.m in Sources */ = {isa = PBXBuildFile; fileRef = A92DDFAC1663C832007D056A /* G2MapPoint.m */; };
/* End PBXBuildFile section */

/* Begin PBXFileReference section */
		A907275A16667219001AF449 /* Icon.png */ = {isa = PBXFileReference; lastKnownFileType = image.png; path = Icon.png; sourceTree = "<group>"; };
		A907275C16667227001AF449 /* Icon@2x.png */ = {isa = PBXFileReference; lastKnownFileType = image.png; path = "Icon@2x.png"; sourceTree = "<group>"; };
		A92DDF7C1663B911007D056A /* carta.app */ = {isa = PBXFileReference; explicitFileType = wrapper.application; includeInIndex = 0; path = carta.app; sourceTree = BUILT_PRODUCTS_DIR; };
		A92DDF801663B911007D056A /* UIKit.framework */ = {isa = PBXFileReference; lastKnownFileType = wrapper.framework; name = UIKit.framework; path = System/Library/Frameworks/UIKit.framework; sourceTree = SDKROOT; };
		A92DDF821663B911007D056A /* Foundation.framework */ = {isa = PBXFileReference; lastKnownFileType = wrapper.framework; name = Foundation.framework; path = System/Library/Frameworks/Foundation.framework; sourceTree = SDKROOT; };
		A92DDF841663B911007D056A /* CoreGraphics.framework */ = {isa = PBXFileReference; lastKnownFileType = wrapper.framework; name = CoreGraphics.framework; path = System/Library/Frameworks/CoreGraphics.framework; sourceTree = SDKROOT; };
		A92DDF881663B911007D056A /* carta-Info.plist */ = {isa = PBXFileReference; lastKnownFileType = text.plist.xml; path = "carta-Info.plist"; sourceTree = "<group>"; };
		A92DDF8A1663B911007D056A /* en */ = {isa = PBXFileReference; lastKnownFileType = text.plist.strings; name = en; path = en.lproj/InfoPlist.strings; sourceTree = "<group>"; };
		A92DDF8C1663B911007D056A /* main.m */ = {isa = PBXFileReference; lastKnownFileType = sourcecode.c.objc; path = main.m; sourceTree = "<group>"; };
		A92DDF8E1663B911007D056A /* carta-Prefix.pch */ = {isa = PBXFileReference; lastKnownFileType = sourcecode.c.h; path = "carta-Prefix.pch"; sourceTree = "<group>"; };
		A92DDF8F1663B911007D056A /* G2AppDelegate.h */ = {isa = PBXFileReference; lastKnownFileType = sourcecode.c.h; path = G2AppDelegate.h; sourceTree = "<group>"; };
		A92DDF901663B911007D056A /* G2AppDelegate.m */ = {isa = PBXFileReference; lastKnownFileType = sourcecode.c.objc; path = G2AppDelegate.m; sourceTree = "<group>"; };
		A92DDF921663B911007D056A /* Default.png */ = {isa = PBXFileReference; lastKnownFileType = image.png; path = Default.png; sourceTree = "<group>"; };
		A92DDF941663B911007D056A /* Default@2x.png */ = {isa = PBXFileReference; lastKnownFileType = image.png; path = "Default@2x.png"; sourceTree = "<group>"; };
		A92DDF961663B911007D056A /* Default-568h@2x.png */ = {isa = PBXFileReference; lastKnownFileType = image.png; path = "Default-568h@2x.png"; sourceTree = "<group>"; };
		A92DDF981663B911007D056A /* G2ViewController.h */ = {isa = PBXFileReference; lastKnownFileType = sourcecode.c.h; path = G2ViewController.h; sourceTree = "<group>"; };
		A92DDF991663B911007D056A /* G2ViewController.m */ = {isa = PBXFileReference; lastKnownFileType = sourcecode.c.objc; path = G2ViewController.m; sourceTree = "<group>"; };
		A92DDF9C1663B911007D056A /* en */ = {isa = PBXFileReference; lastKnownFileType = file.xib; name = en; path = en.lproj/G2ViewController.xib; sourceTree = "<group>"; };
		A92DDFA71663BCE3007D056A /* CoreLocation.framework */ = {isa = PBXFileReference; lastKnownFileType = wrapper.framework; name = CoreLocation.framework; path = System/Library/Frameworks/CoreLocation.framework; sourceTree = SDKROOT; };
		A92DDFA91663BD76007D056A /* MapKit.framework */ = {isa = PBXFileReference; lastKnownFileType = wrapper.framework; name = MapKit.framework; path = System/Library/Frameworks/MapKit.framework; sourceTree = SDKROOT; };
		A92DDFAB1663C832007D056A /* G2MapPoint.h */ = {isa = PBXFileReference; fileEncoding = 4; lastKnownFileType = sourcecode.c.h; path = G2MapPoint.h; sourceTree = "<group>"; };
		A92DDFAC1663C832007D056A /* G2MapPoint.m */ = {isa = PBXFileReference; fileEncoding = 4; lastKnownFileType = sourcecode.c.objc; path = G2MapPoint.m; sourceTree = "<group>"; };
/* End PBXFileReference section */

/* Begin PBXFrameworksBuildPhase section */
		A92DDF791663B911007D056A /* Frameworks */ = {
			isa = PBXFrameworksBuildPhase;
			buildActionMask = 2147483647;
			files = (
				A92DDFAA1663BD76007D056A /* MapKit.framework in Frameworks */,
				A92DDFA81663BCE3007D056A /* CoreLocation.framework in Frameworks */,
				A92DDF811663B911007D056A /* UIKit.framework in Frameworks */,
				A92DDF831663B911007D056A /* Foundation.framework in Frameworks */,
				A92DDF851663B911007D056A /* CoreGraphics.framework in Frameworks */,
			);
			runOnlyForDeploymentPostprocessing = 0;
		};
/* End PBXFrameworksBuildPhase section */

/* Begin PBXGroup section */
		A92DDF711663B911007D056A = {
			isa = PBXGroup;
			children = (
				A907275C16667227001AF449 /* Icon@2x.png */,
				A907275A16667219001AF449 /* Icon.png */,
				A92DDF861663B911007D056A /* carta */,
				A92DDF7F1663B911007D056A /* Frameworks */,
				A92DDF7D1663B911007D056A /* Products */,
			);
			sourceTree = "<group>";
		};
		A92DDF7D1663B911007D056A /* Products */ = {
			isa = PBXGroup;
			children = (
				A92DDF7C1663B911007D056A /* carta.app */,
			);
			name = Products;
			sourceTree = "<group>";
		};
		A92DDF7F1663B911007D056A /* Frameworks */ = {
			isa = PBXGroup;
			children = (
				A92DDFA91663BD76007D056A /* MapKit.framework */,
				A92DDFA71663BCE3007D056A /* CoreLocation.framework */,
				A92DDF801663B911007D056A /* UIKit.framework */,
				A92DDF821663B911007D056A /* Foundation.framework */,
				A92DDF841663B911007D056A /* CoreGraphics.framework */,
			);
			name = Frameworks;
			sourceTree = "<group>";
		};
		A92DDF861663B911007D056A /* carta */ = {
			isa = PBXGroup;
			children = (
				A92DDF8F1663B911007D056A /* G2AppDelegate.h */,
				A92DDF901663B911007D056A /* G2AppDelegate.m */,
				A92DDF981663B911007D056A /* G2ViewController.h */,
				A92DDF991663B911007D056A /* G2ViewController.m */,
				A92DDFAB1663C832007D056A /* G2MapPoint.h */,
				A92DDFAC1663C832007D056A /* G2MapPoint.m */,
				A92DDF9B1663B911007D056A /* G2ViewController.xib */,
				A92DDF871663B911007D056A /* Supporting Files */,
			);
			path = carta;
			sourceTree = "<group>";
		};
		A92DDF871663B911007D056A /* Supporting Files */ = {
			isa = PBXGroup;
			children = (
				A92DDF881663B911007D056A /* carta-Info.plist */,
				A92DDF891663B911007D056A /* InfoPlist.strings */,
				A92DDF8C1663B911007D056A /* main.m */,
				A92DDF8E1663B911007D056A /* carta-Prefix.pch */,
				A92DDF921663B911007D056A /* Default.png */,
				A92DDF941663B911007D056A /* Default@2x.png */,
				A92DDF961663B911007D056A /* Default-568h@2x.png */,
			);
			name = "Supporting Files";
			sourceTree = "<group>";
		};
/* End PBXGroup section */

/* Begin PBXNativeTarget section */
		A92DDF7B1663B911007D056A /* carta */ = {
			isa = PBXNativeTarget;
			buildConfigurationList = A92DDFA01663B911007D056A /* Build configuration list for PBXNativeTarget "carta" */;
			buildPhases = (
				A92DDF781663B911007D056A /* Sources */,
				A92DDF791663B911007D056A /* Frameworks */,
				A92DDF7A1663B911007D056A /* Resources */,
			);
			buildRules = (
			);
			dependencies = (
			);
			name = carta;
			productName = carta;
			productReference = A92DDF7C1663B911007D056A /* carta.app */;
			productType = "com.apple.product-type.application";
		};
/* End PBXNativeTarget section */

/* Begin PBXProject section */
		A92DDF731663B911007D056A /* Project object */ = {
			isa = PBXProject;
			attributes = {
				CLASSPREFIX = G2;
				LastUpgradeCheck = 0450;
				ORGANIZATIONNAME = G2think.io;
			};
			buildConfigurationList = A92DDF761663B911007D056A /* Build configuration list for PBXProject "carta" */;
			compatibilityVersion = "Xcode 3.2";
			developmentRegion = English;
			hasScannedForEncodings = 0;
			knownRegions = (
				en,
			);
			mainGroup = A92DDF711663B911007D056A;
			productRefGroup = A92DDF7D1663B911007D056A /* Products */;
			projectDirPath = "";
			projectRoot = "";
			targets = (
				A92DDF7B1663B911007D056A /* carta */,
			);
		};
/* End PBXProject section */

/* Begin PBXResourcesBuildPhase section */
		A92DDF7A1663B911007D056A /* Resources */ = {
			isa = PBXResourcesBuildPhase;
			buildActionMask = 2147483647;
			files = (
				A92DDF8B1663B911007D056A /* InfoPlist.strings in Resources */,
				A92DDF931663B911007D056A /* Default.png in Resources */,
				A92DDF951663B911007D056A /* Default@2x.png in Resources */,
				A92DDF971663B911007D056A /* Default-568h@2x.png in Resources */,
				A92DDF9D1663B911007D056A /* G2ViewController.xib in Resources */,
				A907275B16667219001AF449 /* Icon.png in Resources */,
				A907275D16667227001AF449 /* Icon@2x.png in Resources */,
			);
			runOnlyForDeploymentPostprocessing = 0;
		};
/* End PBXResourcesBuildPhase section */

/* Begin PBXSourcesBuildPhase section */
		A92DDF781663B911007D056A /* Sources */ = {
			isa = PBXSourcesBuildPhase;
			buildActionMask = 2147483647;
			files = (
				A92DDF8D1663B911007D056A /* main.m in Sources */,
				A92DDF911663B911007D056A /* G2AppDelegate.m in Sources */,
				A92DDF9A1663B911007D056A /* G2ViewController.m in Sources */,
				A92DDFAD1663C832007D056A /* G2MapPoint.m in Sources */,
			);
			runOnlyForDeploymentPostprocessing = 0;
		};
/* End PBXSourcesBuildPhase section */

/* Begin PBXVariantGroup section */
		A92DDF891663B911007D056A /* InfoPlist.strings */ = {
			isa = PBXVariantGroup;
			children = (
				A92DDF8A1663B911007D056A /* en */,
			);
			name = InfoPlist.strings;
			sourceTree = "<group>";
		};
		A92DDF9B1663B911007D056A /* G2ViewController.xib */ = {
			isa = PBXVariantGroup;
			children = (
				A92DDF9C1663B911007D056A /* en */,
			);
			name = G2ViewController.xib;
			sourceTree = "<group>";
		};
/* End PBXVariantGroup section */

/* Begin XCBuildConfiguration section */
		A92DDF9E1663B911007D056A /* Debug */ = {
			isa = XCBuildConfiguration;
			buildSettings = {
				ALWAYS_SEARCH_USER_PATHS = NO;
				CLANG_CXX_LANGUAGE_STANDARD = "gnu++0x";
				CLANG_CXX_LIBRARY = "libc++";
				CLANG_ENABLE_OBJC_ARC = YES;
				CLANG_WARN_EMPTY_BODY = YES;
				CLANG_WARN__DUPLICATE_METHOD_MATCH = YES;
				"CODE_SIGN_IDENTITY[sdk=iphoneos*]" = "iPhone Developer";
				COPY_PHASE_STRIP = NO;
				GCC_C_LANGUAGE_STANDARD = gnu99;
				GCC_DYNAMIC_NO_PIC = NO;
				GCC_OPTIMIZATION_LEVEL = 0;
				GCC_PREPROCESSOR_DEFINITIONS = (
					"DEBUG=1",
					"$(inherited)",
				);
				GCC_SYMBOLS_PRIVATE_EXTERN = NO;
				GCC_WARN_ABOUT_RETURN_TYPE = YES;
				GCC_WARN_UNINITIALIZED_AUTOS = YES;
				GCC_WARN_UNUSED_VARIABLE = YES;
				IPHONEOS_DEPLOYMENT_TARGET = 6.0;
				ONLY_ACTIVE_ARCH = YES;
				SDKROOT = iphoneos;
			};
			name = Debug;
		};
		A92DDF9F1663B911007D056A /* Release */ = {
			isa = XCBuildConfiguration;
			buildSettings = {
				ALWAYS_SEARCH_USER_PATHS = NO;
				CLANG_CXX_LANGUAGE_STANDARD = "gnu++0x";
				CLANG_CXX_LIBRARY = "libc++";
				CLANG_ENABLE_OBJC_ARC = YES;
				CLANG_WARN_EMPTY_BODY = YES;
				CLANG_WARN__DUPLICATE_METHOD_MATCH = YES;
				"CODE_SIGN_IDENTITY[sdk=iphoneos*]" = "iPhone Developer";
				COPY_PHASE_STRIP = YES;
				GCC_C_LANGUAGE_STANDARD = gnu99;
				GCC_WARN_ABOUT_RETURN_TYPE = YES;
				GCC_WARN_UNINITIALIZED_AUTOS = YES;
				GCC_WARN_UNUSED_VARIABLE = YES;
				IPHONEOS_DEPLOYMENT_TARGET = 6.0;
				OTHER_CFLAGS = "-DNS_BLOCK_ASSERTIONS=1";
				SDKROOT = iphoneos;
				VALIDATE_PRODUCT = YES;
			};
			name = Release;
		};
		A92DDFA11663B911007D056A /* Debug */ = {
			isa = XCBuildConfiguration;
			buildSettings = {
				GCC_PRECOMPILE_PREFIX_HEADER = YES;
				GCC_PREFIX_HEADER = "carta/carta-Prefix.pch";
				INFOPLIST_FILE = "carta/carta-Info.plist";
				IPHONEOS_DEPLOYMENT_TARGET = 6.0;
				PRODUCT_NAME = "$(TARGET_NAME)";
				TARGETED_DEVICE_FAMILY = "1,2";
				WRAPPER_EXTENSION = app;
			};
			name = Debug;
		};
		A92DDFA21663B911007D056A /* Release */ = {
			isa = XCBuildConfiguration;
			buildSettings = {
				GCC_PRECOMPILE_PREFIX_HEADER = YES;
				GCC_PREFIX_HEADER = "carta/carta-Prefix.pch";
				INFOPLIST_FILE = "carta/carta-Info.plist";
				IPHONEOS_DEPLOYMENT_TARGET = 6.0;
				PRODUCT_NAME = "$(TARGET_NAME)";
				TARGETED_DEVICE_FAMILY = "1,2";
				WRAPPER_EXTENSION = app;
			};
			name = Release;
		};
/* End XCBuildConfiguration section */

/* Begin XCConfigurationList section */
		A92DDF761663B911007D056A /* Build configuration list for PBXProject "carta" */ = {
			isa = XCConfigurationList;
			buildConfigurations = (
				A92DDF9E1663B911007D056A /* Debug */,
				A92DDF9F1663B911007D056A /* Release */,
			);
			defaultConfigurationIsVisible = 0;
			defaultConfigurationName = Release;
		};
		A92DDFA01663B911007D056A /* Build configuration list for PBXNativeTarget "carta" */ = {
			isa = XCConfigurationList;
			buildConfigurations = (
				A92DDFA11663B911007D056A /* Debug */,
				A92DDFA21663B911007D056A /* Release */,
			);
			defaultConfigurationIsVisible = 0;
			defaultConfigurationName = Release;
		};
/* End XCConfigurationList section */
	};
	rootObject = A92DDF731663B911007D056A /* Project object */;
}
